// !$*UTF8*$!
{
	archiveVersion = 1;
	classes = {
	};
	objectVersion = 77;
	objects = {

/* Begin PBXBuildFile section */
		0B0F0AF0657B7B8AACA6955B /* Pods_CICD_iOS_CICD_iOSUITests.framework in Frameworks */ = {isa = PBXBuildFile; fileRef = 853F20313DE23F0C2D9A492F /* Pods_CICD_iOS_CICD_iOSUITests.framework */; };
		A6D1C049357A8B1696268D6D /* Pods_CICD_iOS.framework in Frameworks */ = {isa = PBXBuildFile; fileRef = 7B7A223CA8C8D7DE9263554A /* Pods_CICD_iOS.framework */; };
		D68AF71EBD2B62708D998DAB /* Pods_CICD_iOSTests.framework in Frameworks */ = {isa = PBXBuildFile; fileRef = BF143044B2037482E84EBA88 /* Pods_CICD_iOSTests.framework */; };
/* End PBXBuildFile section */

/* Begin PBXContainerItemProxy section */
		4BEDCE812E618088004A99FC /* PBXContainerItemProxy */ = {
			isa = PBXContainerItemProxy;
			containerPortal = 4BEDCE6B2E618086004A99FC /* Project object */;
			proxyType = 1;
			remoteGlobalIDString = 4BEDCE722E618086004A99FC;
			remoteInfo = CICD_iOS;
		};
		4BEDCE8B2E618088004A99FC /* PBXContainerItemProxy */ = {
			isa = PBXContainerItemProxy;
			containerPortal = 4BEDCE6B2E618086004A99FC /* Project object */;
			proxyType = 1;
			remoteGlobalIDString = 4BEDCE722E618086004A99FC;
			remoteInfo = CICD_iOS;
		};
/* End PBXContainerItemProxy section */

/* Begin PBXFileReference section */
		2A90EDC8885D1A212D33C7DD /* Pods-CICD_iOSTests.debug.xcconfig */ = {isa = PBXFileReference; includeInIndex = 1; lastKnownFileType = text.xcconfig; name = "Pods-CICD_iOSTests.debug.xcconfig"; path = "Target Support Files/Pods-CICD_iOSTests/Pods-CICD_iOSTests.debug.xcconfig"; sourceTree = "<group>"; };
		4BEDCE732E618086004A99FC /* CICD_iOS.app */ = {isa = PBXFileReference; explicitFileType = wrapper.application; includeInIndex = 0; path = CICD_iOS.app; sourceTree = BUILT_PRODUCTS_DIR; };
		4BEDCE802E618088004A99FC /* CICD_iOSTests.xctest */ = {isa = PBXFileReference; explicitFileType = wrapper.cfbundle; includeInIndex = 0; path = CICD_iOSTests.xctest; sourceTree = BUILT_PRODUCTS_DIR; };
		4BEDCE8A2E618088004A99FC /* CICD_iOSUITests.xctest */ = {isa = PBXFileReference; explicitFileType = wrapper.cfbundle; includeInIndex = 0; path = CICD_iOSUITests.xctest; sourceTree = BUILT_PRODUCTS_DIR; };
		62CEA2C041F11221D90FB993 /* Pods-CICD_iOS.release.xcconfig */ = {isa = PBXFileReference; includeInIndex = 1; lastKnownFileType = text.xcconfig; name = "Pods-CICD_iOS.release.xcconfig"; path = "Target Support Files/Pods-CICD_iOS/Pods-CICD_iOS.release.xcconfig"; sourceTree = "<group>"; };
		653E2D8CBB8EBCAEB81D2D88 /* Pods-CICD_iOS-CICD_iOSUITests.release.xcconfig */ = {isa = PBXFileReference; includeInIndex = 1; lastKnownFileType = text.xcconfig; name = "Pods-CICD_iOS-CICD_iOSUITests.release.xcconfig"; path = "Target Support Files/Pods-CICD_iOS-CICD_iOSUITests/Pods-CICD_iOS-CICD_iOSUITests.release.xcconfig"; sourceTree = "<group>"; };
		7B7A223CA8C8D7DE9263554A /* Pods_CICD_iOS.framework */ = {isa = PBXFileReference; explicitFileType = wrapper.framework; includeInIndex = 0; path = Pods_CICD_iOS.framework; sourceTree = BUILT_PRODUCTS_DIR; };
		853F20313DE23F0C2D9A492F /* Pods_CICD_iOS_CICD_iOSUITests.framework */ = {isa = PBXFileReference; explicitFileType = wrapper.framework; includeInIndex = 0; path = Pods_CICD_iOS_CICD_iOSUITests.framework; sourceTree = BUILT_PRODUCTS_DIR; };
		A92E615C54055B1373A07477 /* Pods-CICD_iOS.debug.xcconfig */ = {isa = PBXFileReference; includeInIndex = 1; lastKnownFileType = text.xcconfig; name = "Pods-CICD_iOS.debug.xcconfig"; path = "Target Support Files/Pods-CICD_iOS/Pods-CICD_iOS.debug.xcconfig"; sourceTree = "<group>"; };
		AC0D6EEEA70BA2D690F9DE1F /* Pods-CICD_iOSTests.release.xcconfig */ = {isa = PBXFileReference; includeInIndex = 1; lastKnownFileType = text.xcconfig; name = "Pods-CICD_iOSTests.release.xcconfig"; path = "Target Support Files/Pods-CICD_iOSTests/Pods-CICD_iOSTests.release.xcconfig"; sourceTree = "<group>"; };
		BF143044B2037482E84EBA88 /* Pods_CICD_iOSTests.framework */ = {isa = PBXFileReference; explicitFileType = wrapper.framework; includeInIndex = 0; path = Pods_CICD_iOSTests.framework; sourceTree = BUILT_PRODUCTS_DIR; };
		F9BDC2B3766141A0F109EC72 /* Pods-CICD_iOS-CICD_iOSUITests.debug.xcconfig */ = {isa = PBXFileReference; includeInIndex = 1; lastKnownFileType = text.xcconfig; name = "Pods-CICD_iOS-CICD_iOSUITests.debug.xcconfig"; path = "Target Support Files/Pods-CICD_iOS-CICD_iOSUITests/Pods-CICD_iOS-CICD_iOSUITests.debug.xcconfig"; sourceTree = "<group>"; };
/* End PBXFileReference section */

/* Begin PBXFileSystemSynchronizedRootGroup section */
		4BEDCE752E618086004A99FC /* CICD_iOS */ = {
			isa = PBXFileSystemSynchronizedRootGroup;
			exceptions = (
			);
			path = CICD_iOS;
			sourceTree = "<group>";
		};
		4BEDCE832E618088004A99FC /* CICD_iOSTests */ = {
			isa = PBXFileSystemSynchronizedRootGroup;
			exceptions = (
			);
			path = CICD_iOSTests;
			sourceTree = "<group>";
		};
		4BEDCE8D2E618088004A99FC /* CICD_iOSUITests */ = {
			isa = PBXFileSystemSynchronizedRootGroup;
			exceptions = (
			);
			path = CICD_iOSUITests;
			sourceTree = "<group>";
		};
/* End PBXFileSystemSynchronizedRootGroup section */

/* Begin PBXFrameworksBuildPhase section */
		4BEDCE702E618086004A99FC /* Frameworks */ = {
			isa = PBXFrameworksBuildPhase;
			buildActionMask = 2147483647;
			files = (
				A6D1C049357A8B1696268D6D /* Pods_CICD_iOS.framework in Frameworks */,
			);
			runOnlyForDeploymentPostprocessing = 0;
		};
		4BEDCE7D2E618088004A99FC /* Frameworks */ = {
			isa = PBXFrameworksBuildPhase;
			buildActionMask = 2147483647;
			files = (
				D68AF71EBD2B62708D998DAB /* Pods_CICD_iOSTests.framework in Frameworks */,
			);
			runOnlyForDeploymentPostprocessing = 0;
		};
		4BEDCE872E618088004A99FC /* Frameworks */ = {
			isa = PBXFrameworksBuildPhase;
			buildActionMask = 2147483647;
			files = (
				0B0F0AF0657B7B8AACA6955B /* Pods_CICD_iOS_CICD_iOSUITests.framework in Frameworks */,
			);
			runOnlyForDeploymentPostprocessing = 0;
		};
/* End PBXFrameworksBuildPhase section */

/* Begin PBXGroup section */
		4BEDCE6A2E618086004A99FC = {
			isa = PBXGroup;
			children = (
				4BEDCE752E618086004A99FC /* CICD_iOS */,
				4BEDCE832E618088004A99FC /* CICD_iOSTests */,
				4BEDCE8D2E618088004A99FC /* CICD_iOSUITests */,
				4BEDCE742E618086004A99FC /* Products */,
				6BC778137915101D8199B612 /* Pods */,
				DAD1C34823CA551FD0B08BAC /* Frameworks */,
			);
			sourceTree = "<group>";
		};
		4BEDCE742E618086004A99FC /* Products */ = {
			isa = PBXGroup;
			children = (
				4BEDCE732E618086004A99FC /* CICD_iOS.app */,
				4BEDCE802E618088004A99FC /* CICD_iOSTests.xctest */,
				4BEDCE8A2E618088004A99FC /* CICD_iOSUITests.xctest */,
			);
			name = Products;
			sourceTree = "<group>";
		};
		6BC778137915101D8199B612 /* Pods */ = {
			isa = PBXGroup;
			children = (
				A92E615C54055B1373A07477 /* Pods-CICD_iOS.debug.xcconfig */,
				62CEA2C041F11221D90FB993 /* Pods-CICD_iOS.release.xcconfig */,
				F9BDC2B3766141A0F109EC72 /* Pods-CICD_iOS-CICD_iOSUITests.debug.xcconfig */,
				653E2D8CBB8EBCAEB81D2D88 /* Pods-CICD_iOS-CICD_iOSUITests.release.xcconfig */,
				2A90EDC8885D1A212D33C7DD /* Pods-CICD_iOSTests.debug.xcconfig */,
				AC0D6EEEA70BA2D690F9DE1F /* Pods-CICD_iOSTests.release.xcconfig */,
			);
			name = Pods;
			path = Pods;
			sourceTree = "<group>";
		};
		DAD1C34823CA551FD0B08BAC /* Frameworks */ = {
			isa = PBXGroup;
			children = (
				7B7A223CA8C8D7DE9263554A /* Pods_CICD_iOS.framework */,
				853F20313DE23F0C2D9A492F /* Pods_CICD_iOS_CICD_iOSUITests.framework */,
				BF143044B2037482E84EBA88 /* Pods_CICD_iOSTests.framework */,
			);
			name = Frameworks;
			sourceTree = "<group>";
		};
/* End PBXGroup section */

/* Begin PBXNativeTarget section */
		4BEDCE722E618086004A99FC /* CICD_iOS */ = {
			isa = PBXNativeTarget;
			buildConfigurationList = 4BEDCE942E618088004A99FC /* Build configuration list for PBXNativeTarget "CICD_iOS" */;
			buildPhases = (
				133BEB7607E61FADFB4B1AAE /* [CP] Check Pods Manifest.lock */,
				4BEDCE6F2E618086004A99FC /* Sources */,
				4BEDCE702E618086004A99FC /* Frameworks */,
				4BEDCE712E618086004A99FC /* Resources */,
			);
			buildRules = (
			);
			dependencies = (
			);
			fileSystemSynchronizedGroups = (
				4BEDCE752E618086004A99FC /* CICD_iOS */,
			);
			name = CICD_iOS;
			productName = CICD_iOS;
			productReference = 4BEDCE732E618086004A99FC /* CICD_iOS.app */;
			productType = "com.apple.product-type.application";
		};
		4BEDCE7F2E618088004A99FC /* CICD_iOSTests */ = {
			isa = PBXNativeTarget;
			buildConfigurationList = 4BEDCE972E618088004A99FC /* Build configuration list for PBXNativeTarget "CICD_iOSTests" */;
			buildPhases = (
				26CF3BF237E57AE7F0CF413B /* [CP] Check Pods Manifest.lock */,
				4BEDCE7C2E618088004A99FC /* Sources */,
				4BEDCE7D2E618088004A99FC /* Frameworks */,
				4BEDCE7E2E618088004A99FC /* Resources */,
			);
			buildRules = (
			);
			dependencies = (
				4BEDCE822E618088004A99FC /* PBXTargetDependency */,
			);
			fileSystemSynchronizedGroups = (
				4BEDCE832E618088004A99FC /* CICD_iOSTests */,
			);
			name = CICD_iOSTests;
			productName = CICD_iOSTests;
			productReference = 4BEDCE802E618088004A99FC /* CICD_iOSTests.xctest */;
			productType = "com.apple.product-type.bundle.unit-test";
		};
		4BEDCE892E618088004A99FC /* CICD_iOSUITests */ = {
			isa = PBXNativeTarget;
			buildConfigurationList = 4BEDCE9A2E618088004A99FC /* Build configuration list for PBXNativeTarget "CICD_iOSUITests" */;
			buildPhases = (
				A15340073E5BFA305C4F1AE5 /* [CP] Check Pods Manifest.lock */,
				4BEDCE862E618088004A99FC /* Sources */,
				4BEDCE872E618088004A99FC /* Frameworks */,
				4BEDCE882E618088004A99FC /* Resources */,
			);
			buildRules = (
			);
			dependencies = (
				4BEDCE8C2E618088004A99FC /* PBXTargetDependency */,
			);
			fileSystemSynchronizedGroups = (
				4BEDCE8D2E618088004A99FC /* CICD_iOSUITests */,
			);
			name = CICD_iOSUITests;
			productName = CICD_iOSUITests;
			productReference = 4BEDCE8A2E618088004A99FC /* CICD_iOSUITests.xctest */;
			productType = "com.apple.product-type.bundle.ui-testing";
		};
/* End PBXNativeTarget section */

/* Begin PBXProject section */
		4BEDCE6B2E618086004A99FC /* Project object */ = {
			isa = PBXProject;
			attributes = {
				BuildIndependentTargetsInParallel = 1;
				LastSwiftUpdateCheck = 1640;
				LastUpgradeCheck = 1640;
				TargetAttributes = {
					4BEDCE722E618086004A99FC = {
						CreatedOnToolsVersion = 16.4;
					};
					4BEDCE7F2E618088004A99FC = {
						CreatedOnToolsVersion = 16.4;
						TestTargetID = 4BEDCE722E618086004A99FC;
					};
					4BEDCE892E618088004A99FC = {
						CreatedOnToolsVersion = 16.4;
						TestTargetID = 4BEDCE722E618086004A99FC;
					};
				};
			};
			buildConfigurationList = 4BEDCE6E2E618086004A99FC /* Build configuration list for PBXProject "CICD_iOS" */;
			developmentRegion = en;
			hasScannedForEncodings = 0;
			knownRegions = (
				en,
				Base,
			);
			mainGroup = 4BEDCE6A2E618086004A99FC;
			minimizedProjectReferenceProxies = 1;
			preferredProjectObjectVersion = 77;
			productRefGroup = 4BEDCE742E618086004A99FC /* Products */;
			projectDirPath = "";
			projectRoot = "";
			targets = (
				4BEDCE722E618086004A99FC /* CICD_iOS */,
				4BEDCE7F2E618088004A99FC /* CICD_iOSTests */,
				4BEDCE892E618088004A99FC /* CICD_iOSUITests */,
			);
		};
/* End PBXProject section */

/* Begin PBXResourcesBuildPhase section */
		4BEDCE712E618086004A99FC /* Resources */ = {
			isa = PBXResourcesBuildPhase;
			buildActionMask = 2147483647;
			files = (
			);
			runOnlyForDeploymentPostprocessing = 0;
		};
		4BEDCE7E2E618088004A99FC /* Resources */ = {
			isa = PBXResourcesBuildPhase;
			buildActionMask = 2147483647;
			files = (
			);
			runOnlyForDeploymentPostprocessing = 0;
		};
		4BEDCE882E618088004A99FC /* Resources */ = {
			isa = PBXResourcesBuildPhase;
			buildActionMask = 2147483647;
			files = (
			);
			runOnlyForDeploymentPostprocessing = 0;
		};
/* End PBXResourcesBuildPhase section */

/* Begin PBXShellScriptBuildPhase section */
		133BEB7607E61FADFB4B1AAE /* [CP] Check Pods Manifest.lock */ = {
			isa = PBXShellScriptBuildPhase;
			buildActionMask = 2147483647;
			files = (
			);
			inputFileListPaths = (
			);
			inputPaths = (
				"${PODS_PODFILE_DIR_PATH}/Podfile.lock",
				"${PODS_ROOT}/Manifest.lock",
			);
			name = "[CP] Check Pods Manifest.lock";
			outputFileListPaths = (
			);
			outputPaths = (
				"$(DERIVED_FILE_DIR)/Pods-CICD_iOS-checkManifestLockResult.txt",
			);
			runOnlyForDeploymentPostprocessing = 0;
			shellPath = /bin/sh;
			shellScript = "diff \"${PODS_PODFILE_DIR_PATH}/Podfile.lock\" \"${PODS_ROOT}/Manifest.lock\" > /dev/null\nif [ $? != 0 ] ; then\n    # print error to STDERR\n    echo \"error: The sandbox is not in sync with the Podfile.lock. Run 'pod install' or update your CocoaPods installation.\" >&2\n    exit 1\nfi\n# This output is used by Xcode 'outputs' to avoid re-running this script phase.\necho \"SUCCESS\" > \"${SCRIPT_OUTPUT_FILE_0}\"\n";
			showEnvVarsInLog = 0;
		};
		26CF3BF237E57AE7F0CF413B /* [CP] Check Pods Manifest.lock */ = {
			isa = PBXShellScriptBuildPhase;
			buildActionMask = 2147483647;
			files = (
			);
			inputFileListPaths = (
			);
			inputPaths = (
				"${PODS_PODFILE_DIR_PATH}/Podfile.lock",
				"${PODS_ROOT}/Manifest.lock",
			);
			name = "[CP] Check Pods Manifest.lock";
			outputFileListPaths = (
			);
			outputPaths = (
				"$(DERIVED_FILE_DIR)/Pods-CICD_iOSTests-checkManifestLockResult.txt",
			);
			runOnlyForDeploymentPostprocessing = 0;
			shellPath = /bin/sh;
			shellScript = "diff \"${PODS_PODFILE_DIR_PATH}/Podfile.lock\" \"${PODS_ROOT}/Manifest.lock\" > /dev/null\nif [ $? != 0 ] ; then\n    # print error to STDERR\n    echo \"error: The sandbox is not in sync with the Podfile.lock. Run 'pod install' or update your CocoaPods installation.\" >&2\n    exit 1\nfi\n# This output is used by Xcode 'outputs' to avoid re-running this script phase.\necho \"SUCCESS\" > \"${SCRIPT_OUTPUT_FILE_0}\"\n";
			showEnvVarsInLog = 0;
		};
		A15340073E5BFA305C4F1AE5 /* [CP] Check Pods Manifest.lock */ = {
			isa = PBXShellScriptBuildPhase;
			buildActionMask = 2147483647;
			files = (
			);
			inputFileListPaths = (
			);
			inputPaths = (
				"${PODS_PODFILE_DIR_PATH}/Podfile.lock",
				"${PODS_ROOT}/Manifest.lock",
			);
			name = "[CP] Check Pods Manifest.lock";
			outputFileListPaths = (
			);
			outputPaths = (
				"$(DERIVED_FILE_DIR)/Pods-CICD_iOS-CICD_iOSUITests-checkManifestLockResult.txt",
			);
			runOnlyForDeploymentPostprocessing = 0;
			shellPath = /bin/sh;
			shellScript = "diff \"${PODS_PODFILE_DIR_PATH}/Podfile.lock\" \"${PODS_ROOT}/Manifest.lock\" > /dev/null\nif [ $? != 0 ] ; then\n    # print error to STDERR\n    echo \"error: The sandbox is not in sync with the Podfile.lock. Run 'pod install' or update your CocoaPods installation.\" >&2\n    exit 1\nfi\n# This output is used by Xcode 'outputs' to avoid re-running this script phase.\necho \"SUCCESS\" > \"${SCRIPT_OUTPUT_FILE_0}\"\n";
			showEnvVarsInLog = 0;
		};
/* End PBXShellScriptBuildPhase section */

/* Begin PBXSourcesBuildPhase section */
		4BEDCE6F2E618086004A99FC /* Sources */ = {
			isa = PBXSourcesBuildPhase;
			buildActionMask = 2147483647;
			files = (
			);
			runOnlyForDeploymentPostprocessing = 0;
		};
		4BEDCE7C2E618088004A99FC /* Sources */ = {
			isa = PBXSourcesBuildPhase;
			buildActionMask = 2147483647;
			files = (
			);
			runOnlyForDeploymentPostprocessing = 0;
		};
		4BEDCE862E618088004A99FC /* Sources */ = {
			isa = PBXSourcesBuildPhase;
			buildActionMask = 2147483647;
			files = (
			);
			runOnlyForDeploymentPostprocessing = 0;
		};
/* End PBXSourcesBuildPhase section */

/* Begin PBXTargetDependency section */
		4BEDCE822E618088004A99FC /* PBXTargetDependency */ = {
			isa = PBXTargetDependency;
			target = 4BEDCE722E618086004A99FC /* CICD_iOS */;
			targetProxy = 4BEDCE812E618088004A99FC /* PBXContainerItemProxy */;
		};
		4BEDCE8C2E618088004A99FC /* PBXTargetDependency */ = {
			isa = PBXTargetDependency;
			target = 4BEDCE722E618086004A99FC /* CICD_iOS */;
			targetProxy = 4BEDCE8B2E618088004A99FC /* PBXContainerItemProxy */;
		};
/* End PBXTargetDependency section */

/* Begin XCBuildConfiguration section */
		4BEDCE922E618088004A99FC /* Debug */ = {
			isa = XCBuildConfiguration;
			buildSettings = {
				ALWAYS_SEARCH_USER_PATHS = NO;
				ASSETCATALOG_COMPILER_GENERATE_SWIFT_ASSET_SYMBOL_EXTENSIONS = YES;
				CLANG_ANALYZER_NONNULL = YES;
				CLANG_ANALYZER_NUMBER_OBJECT_CONVERSION = YES_AGGRESSIVE;
				CLANG_CXX_LANGUAGE_STANDARD = "gnu++20";
				CLANG_ENABLE_MODULES = YES;
				CLANG_ENABLE_OBJC_ARC = YES;
				CLANG_ENABLE_OBJC_WEAK = YES;
				CLANG_WARN_BLOCK_CAPTURE_AUTORELEASING = YES;
				CLANG_WARN_BOOL_CONVERSION = YES;
				CLANG_WARN_COMMA = YES;
				CLANG_WARN_CONSTANT_CONVERSION = YES;
				CLANG_WARN_DEPRECATED_OBJC_IMPLEMENTATIONS = YES;
				CLANG_WARN_DIRECT_OBJC_ISA_USAGE = YES_ERROR;
				CLANG_WARN_DOCUMENTATION_COMMENTS = YES;
				CLANG_WARN_EMPTY_BODY = YES;
				CLANG_WARN_ENUM_CONVERSION = YES;
				CLANG_WARN_INFINITE_RECURSION = YES;
				CLANG_WARN_INT_CONVERSION = YES;
				CLANG_WARN_NON_LITERAL_NULL_CONVERSION = YES;
				CLANG_WARN_OBJC_IMPLICIT_RETAIN_SELF = YES;
				CLANG_WARN_OBJC_LITERAL_CONVERSION = YES;
				CLANG_WARN_OBJC_ROOT_CLASS = YES_ERROR;
				CLANG_WARN_QUOTED_INCLUDE_IN_FRAMEWORK_HEADER = YES;
				CLANG_WARN_RANGE_LOOP_ANALYSIS = YES;
				CLANG_WARN_STRICT_PROTOTYPES = YES;
				CLANG_WARN_SUSPICIOUS_MOVE = YES;
				CLANG_WARN_UNGUARDED_AVAILABILITY = YES_AGGRESSIVE;
				CLANG_WARN_UNREACHABLE_CODE = YES;
				CLANG_WARN__DUPLICATE_METHOD_MATCH = YES;
				COPY_PHASE_STRIP = NO;
				DEBUG_INFORMATION_FORMAT = dwarf;
				ENABLE_STRICT_OBJC_MSGSEND = YES;
				ENABLE_TESTABILITY = YES;
				ENABLE_USER_SCRIPT_SANDBOXING = YES;
				GCC_C_LANGUAGE_STANDARD = gnu17;
				GCC_DYNAMIC_NO_PIC = NO;
				GCC_NO_COMMON_BLOCKS = YES;
				GCC_OPTIMIZATION_LEVEL = 0;
				GCC_PREPROCESSOR_DEFINITIONS = (
					"DEBUG=1",
					"$(inherited)",
				);
				GCC_WARN_64_TO_32_BIT_CONVERSION = YES;
				GCC_WARN_ABOUT_RETURN_TYPE = YES_ERROR;
				GCC_WARN_UNDECLARED_SELECTOR = YES;
				GCC_WARN_UNINITIALIZED_AUTOS = YES_AGGRESSIVE;
				GCC_WARN_UNUSED_FUNCTION = YES;
				GCC_WARN_UNUSED_VARIABLE = YES;
				IPHONEOS_DEPLOYMENT_TARGET = 18.5;
				LOCALIZATION_PREFERS_STRING_CATALOGS = YES;
				MTL_ENABLE_DEBUG_INFO = INCLUDE_SOURCE;
				MTL_FAST_MATH = YES;
				ONLY_ACTIVE_ARCH = YES;
				SDKROOT = iphoneos;
				SWIFT_ACTIVE_COMPILATION_CONDITIONS = "DEBUG $(inherited)";
				SWIFT_OPTIMIZATION_LEVEL = "-Onone";
			};
			name = Debug;
		};
		4BEDCE932E618088004A99FC /* Release */ = {
			isa = XCBuildConfiguration;
			buildSettings = {
				ALWAYS_SEARCH_USER_PATHS = NO;
				ASSETCATALOG_COMPILER_GENERATE_SWIFT_ASSET_SYMBOL_EXTENSIONS = YES;
				CLANG_ANALYZER_NONNULL = YES;
				CLANG_ANALYZER_NUMBER_OBJECT_CONVERSION = YES_AGGRESSIVE;
				CLANG_CXX_LANGUAGE_STANDARD = "gnu++20";
				CLANG_ENABLE_MODULES = YES;
				CLANG_ENABLE_OBJC_ARC = YES;
				CLANG_ENABLE_OBJC_WEAK = YES;
				CLANG_WARN_BLOCK_CAPTURE_AUTORELEASING = YES;
				CLANG_WARN_BOOL_CONVERSION = YES;
				CLANG_WARN_COMMA = YES;
				CLANG_WARN_CONSTANT_CONVERSION = YES;
				CLANG_WARN_DEPRECATED_OBJC_IMPLEMENTATIONS = YES;
				CLANG_WARN_DIRECT_OBJC_ISA_USAGE = YES_ERROR;
				CLANG_WARN_DOCUMENTATION_COMMENTS = YES;
				CLANG_WARN_EMPTY_BODY = YES;
				CLANG_WARN_ENUM_CONVERSION = YES;
				CLANG_WARN_INFINITE_RECURSION = YES;
				CLANG_WARN_INT_CONVERSION = YES;
				CLANG_WARN_NON_LITERAL_NULL_CONVERSION = YES;
				CLANG_WARN_OBJC_IMPLICIT_RETAIN_SELF = YES;
				CLANG_WARN_OBJC_LITERAL_CONVERSION = YES;
				CLANG_WARN_OBJC_ROOT_CLASS = YES_ERROR;
				CLANG_WARN_QUOTED_INCLUDE_IN_FRAMEWORK_HEADER = YES;
				CLANG_WARN_RANGE_LOOP_ANALYSIS = YES;
				CLANG_WARN_STRICT_PROTOTYPES = YES;
				CLANG_WARN_SUSPICIOUS_MOVE = YES;
				CLANG_WARN_UNGUARDED_AVAILABILITY = YES_AGGRESSIVE;
				CLANG_WARN_UNREACHABLE_CODE = YES;
				CLANG_WARN__DUPLICATE_METHOD_MATCH = YES;
				COPY_PHASE_STRIP = NO;
				DEBUG_INFORMATION_FORMAT = "dwarf-with-dsym";
				ENABLE_NS_ASSERTIONS = NO;
				ENABLE_STRICT_OBJC_MSGSEND = YES;
				ENABLE_USER_SCRIPT_SANDBOXING = YES;
				GCC_C_LANGUAGE_STANDARD = gnu17;
				GCC_NO_COMMON_BLOCKS = YES;
				GCC_WARN_64_TO_32_BIT_CONVERSION = YES;
				GCC_WARN_ABOUT_RETURN_TYPE = YES_ERROR;
				GCC_WARN_UNDECLARED_SELECTOR = YES;
				GCC_WARN_UNINITIALIZED_AUTOS = YES_AGGRESSIVE;
				GCC_WARN_UNUSED_FUNCTION = YES;
				GCC_WARN_UNUSED_VARIABLE = YES;
				IPHONEOS_DEPLOYMENT_TARGET = 18.5;
				LOCALIZATION_PREFERS_STRING_CATALOGS = YES;
				MTL_ENABLE_DEBUG_INFO = NO;
				MTL_FAST_MATH = YES;
				SDKROOT = iphoneos;
				SWIFT_COMPILATION_MODE = wholemodule;
				VALIDATE_PRODUCT = YES;
			};
			name = Release;
		};
		4BEDCE952E618088004A99FC /* Debug */ = {
			isa = XCBuildConfiguration;
			baseConfigurationReference = A92E615C54055B1373A07477 /* Pods-CICD_iOS.debug.xcconfig */;
			buildSettings = {
				ASSETCATALOG_COMPILER_APPICON_NAME = AppIcon;
				ASSETCATALOG_COMPILER_GLOBAL_ACCENT_COLOR_NAME = AccentColor;
				CODE_SIGN_STYLE = Automatic;
				CURRENT_PROJECT_VERSION = 1;
				ENABLE_PREVIEWS = YES;
				GENERATE_INFOPLIST_FILE = YES;
				INFOPLIST_KEY_UIApplicationSceneManifest_Generation = YES;
				INFOPLIST_KEY_UIApplicationSupportsIndirectInputEvents = YES;
				INFOPLIST_KEY_UILaunchScreen_Generation = YES;
				INFOPLIST_KEY_UISupportedInterfaceOrientations_iPad = "UIInterfaceOrientationPortrait UIInterfaceOrientationPortraitUpsideDown UIInterfaceOrientationLandscapeLeft UIInterfaceOrientationLandscapeRight";
				INFOPLIST_KEY_UISupportedInterfaceOrientations_iPhone = "UIInterfaceOrientationPortrait UIInterfaceOrientationLandscapeLeft UIInterfaceOrientationLandscapeRight";
				LD_RUNPATH_SEARCH_PATHS = (
					"$(inherited)",
					"@executable_path/Frameworks",
				);
				MARKETING_VERSION = 1.0;
				PRODUCT_BUNDLE_IDENTIFIER = "com.testcicd.CICD-iOS";
				PRODUCT_NAME = "$(TARGET_NAME)";
				SWIFT_EMIT_LOC_STRINGS = YES;
				SWIFT_VERSION = 5.0;
				TARGETED_DEVICE_FAMILY = "1,2";
			};
			name = Debug;
		};
		4BEDCE962E618088004A99FC /* Release */ = {
			isa = XCBuildConfiguration;
			baseConfigurationReference = 62CEA2C041F11221D90FB993 /* Pods-CICD_iOS.release.xcconfig */;
			buildSettings = {
				ASSETCATALOG_COMPILER_APPICON_NAME = AppIcon;
				ASSETCATALOG_COMPILER_GLOBAL_ACCENT_COLOR_NAME = AccentColor;
				CODE_SIGN_STYLE = Automatic;
				CURRENT_PROJECT_VERSION = 1;
				ENABLE_PREVIEWS = YES;
				GENERATE_INFOPLIST_FILE = YES;
				INFOPLIST_KEY_UIApplicationSceneManifest_Generation = YES;
				INFOPLIST_KEY_UIApplicationSupportsIndirectInputEvents = YES;
				INFOPLIST_KEY_UILaunchScreen_Generation = YES;
				INFOPLIST_KEY_UISupportedInterfaceOrientations_iPad = "UIInterfaceOrientationPortrait UIInterfaceOrientationPortraitUpsideDown UIInterfaceOrientationLandscapeLeft UIInterfaceOrientationLandscapeRight";
				INFOPLIST_KEY_UISupportedInterfaceOrientations_iPhone = "UIInterfaceOrientationPortrait UIInterfaceOrientationLandscapeLeft UIInterfaceOrientationLandscapeRight";
				LD_RUNPATH_SEARCH_PATHS = (
					"$(inherited)",
					"@executable_path/Frameworks",
				);
				MARKETING_VERSION = 1.0;
				PRODUCT_BUNDLE_IDENTIFIER = "com.testcicd.CICD-iOS";
				PRODUCT_NAME = "$(TARGET_NAME)";
				SWIFT_EMIT_LOC_STRINGS = YES;
				SWIFT_VERSION = 5.0;
				TARGETED_DEVICE_FAMILY = "1,2";
			};
			name = Release;
		};
		4BEDCE982E618088004A99FC /* Debug */ = {
			isa = XCBuildConfiguration;
			baseConfigurationReference = 2A90EDC8885D1A212D33C7DD /* Pods-CICD_iOSTests.debug.xcconfig */;
			buildSettings = {
				BUNDLE_LOADER = "$(TEST_HOST)";
				CODE_SIGN_STYLE = Automatic;
				CURRENT_PROJECT_VERSION = 1;
				GENERATE_INFOPLIST_FILE = YES;
				IPHONEOS_DEPLOYMENT_TARGET = 18.5;
				MARKETING_VERSION = 1.0;
				PRODUCT_BUNDLE_IDENTIFIER = "com.testcicd.CICD-iOSTests";
				PRODUCT_NAME = "$(TARGET_NAME)";
				SWIFT_EMIT_LOC_STRINGS = NO;
				SWIFT_VERSION = 5.0;
				TARGETED_DEVICE_FAMILY = "1,2";
				TEST_HOST = "$(BUILT_PRODUCTS_DIR)/CICD_iOS.app/$(BUNDLE_EXECUTABLE_FOLDER_PATH)/CICD_iOS";
			};
			name = Debug;
		};
		4BEDCE992E618088004A99FC /* Release */ = {
			isa = XCBuildConfiguration;
			baseConfigurationReference = AC0D6EEEA70BA2D690F9DE1F /* Pods-CICD_iOSTests.release.xcconfig */;
			buildSettings = {
				BUNDLE_LOADER = "$(TEST_HOST)";
				CODE_SIGN_STYLE = Automatic;
				CURRENT_PROJECT_VERSION = 1;
				GENERATE_INFOPLIST_FILE = YES;
				IPHONEOS_DEPLOYMENT_TARGET = 18.5;
				MARKETING_VERSION = 1.0;
				PRODUCT_BUNDLE_IDENTIFIER = "com.testcicd.CICD-iOSTests";
				PRODUCT_NAME = "$(TARGET_NAME)";
				SWIFT_EMIT_LOC_STRINGS = NO;
				SWIFT_VERSION = 5.0;
				TARGETED_DEVICE_FAMILY = "1,2";
				TEST_HOST = "$(BUILT_PRODUCTS_DIR)/CICD_iOS.app/$(BUNDLE_EXECUTABLE_FOLDER_PATH)/CICD_iOS";
			};
			name = Release;
		};
		4BEDCE9B2E618088004A99FC /* Debug */ = {
			isa = XCBuildConfiguration;
			baseConfigurationReference = F9BDC2B3766141A0F109EC72 /* Pods-CICD_iOS-CICD_iOSUITests.debug.xcconfig */;
			buildSettings = {
				CODE_SIGN_STYLE = Automatic;
				CURRENT_PROJECT_VERSION = 1;
				GENERATE_INFOPLIST_FILE = YES;
				MARKETING_VERSION = 1.0;
				PRODUCT_BUNDLE_IDENTIFIER = "com.testcicd.CICD-iOSUITests";
				PRODUCT_NAME = "$(TARGET_NAME)";
				SWIFT_EMIT_LOC_STRINGS = NO;
				SWIFT_VERSION = 5.0;
				TARGETED_DEVICE_FAMILY = "1,2";
				TEST_TARGET_NAME = CICD_iOS;
			};
			name = Debug;
		};
		4BEDCE9C2E618088004A99FC /* Release */ = {
			isa = XCBuildConfiguration;
			baseConfigurationReference = 653E2D8CBB8EBCAEB81D2D88 /* Pods-CICD_iOS-CICD_iOSUITests.release.xcconfig */;
			buildSettings = {
				CODE_SIGN_STYLE = Automatic;
				CURRENT_PROJECT_VERSION = 1;
				GENERATE_INFOPLIST_FILE = YES;
				MARKETING_VERSION = 1.0;
				PRODUCT_BUNDLE_IDENTIFIER = "com.testcicd.CICD-iOSUITests";
				PRODUCT_NAME = "$(TARGET_NAME)";
				SWIFT_EMIT_LOC_STRINGS = NO;
				SWIFT_VERSION = 5.0;
				TARGETED_DEVICE_FAMILY = "1,2";
				TEST_TARGET_NAME = CICD_iOS;
			};
			name = Release;
		};
/* End XCBuildConfiguration section */

/* Begin XCConfigurationList section */
		4BEDCE6E2E618086004A99FC /* Build configuration list for PBXProject "CICD_iOS" */ = {
			isa = XCConfigurationList;
			buildConfigurations = (
				4BEDCE922E618088004A99FC /* Debug */,
				4BEDCE932E618088004A99FC /* Release */,
			);
			defaultConfigurationIsVisible = 0;
			defaultConfigurationName = Release;
		};
		4BEDCE942E618088004A99FC /* Build configuration list for PBXNativeTarget "CICD_iOS" */ = {
			isa = XCConfigurationList;
			buildConfigurations = (
				4BEDCE952E618088004A99FC /* Debug */,
				4BEDCE962E618088004A99FC /* Release */,
			);
			defaultConfigurationIsVisible = 0;
			defaultConfigurationName = Release;
		};
		4BEDCE972E618088004A99FC /* Build configuration list for PBXNativeTarget "CICD_iOSTests" */ = {
			isa = XCConfigurationList;
			buildConfigurations = (
				4BEDCE982E618088004A99FC /* Debug */,
				4BEDCE992E618088004A99FC /* Release */,
			);
			defaultConfigurationIsVisible = 0;
			defaultConfigurationName = Release;
		};
		4BEDCE9A2E618088004A99FC /* Build configuration list for PBXNativeTarget "CICD_iOSUITests" */ = {
			isa = XCConfigurationList;
			buildConfigurations = (
				4BEDCE9B2E618088004A99FC /* Debug */,
				4BEDCE9C2E618088004A99FC /* Release */,
			);
			defaultConfigurationIsVisible = 0;
			defaultConfigurationName = Release;
		};
/* End XCConfigurationList section */
	};
	rootObject = 4BEDCE6B2E618086004A99FC /* Project object */;
}
